
Microsoft Visual Studio Solution File, Format Version 12.00
# Visual Studio 14
VisualStudioVersion = 14.0.25420.1
MinimumVisualStudioVersion = 10.0.40219.1
Project("{FAE04EC0-301F-11D3-BF4B-00C04F79EFBC}") = "Gravity.Random", "Gravity.Random\Gravity.Random.csproj", "{1D72147A-3AF5-4809-9E99-23ABA0C56D09}"
EndProject
Project("{FAE04EC0-301F-11D3-BF4B-00C04F79EFBC}") = "GravityExamples(for now)", "ConsoleApplication1\GravityExamples(for now).csproj", "{57E61D45-FC4A-4B5E-859B-081F9327E0EB}"
EndProject
Global
	GlobalSection(SolutionConfigurationPlatforms) = preSolution
		Debug|Any CPU = Debug|Any CPU
		Release|Any CPU = Release|Any CPU
	EndGlobalSection
	GlobalSection(ProjectConfigurationPlatforms) = postSolution
		{1D72147A-3AF5-4809-9E99-23ABA0C56D09}.Debug|Any CPU.ActiveCfg = Debug|Any CPU
		{1D72147A-3AF5-4809-9E99-23ABA0C56D09}.Debug|Any CPU.Build.0 = Debug|Any CPU
		{1D72147A-3AF5-4809-9E99-23ABA0C56D09}.Release|Any CPU.ActiveCfg = Release|Any CPU
		{1D72147A-3AF5-4809-9E99-23ABA0C56D09}.Release|Any CPU.Build.0 = Release|Any CPU
		{57E61D45-FC4A-4B5E-859B-081F9327E0EB}.Debug|Any CPU.ActiveCfg = Debug|Any CPU
		{57E61D45-FC4A-4B5E-859B-081F9327E0EB}.Debug|Any CPU.Build.0 = Debug|Any CPU
		{57E61D45-FC4A-4B5E-859B-081F9327E0EB}.Release|Any CPU.ActiveCfg = Release|Any CPU
		{57E61D45-FC4A-4B5E-859B-081F9327E0EB}.Release|Any CPU.Build.0 = Release|Any CPU
	EndGlobalSection
	GlobalSection(SolutionProperties) = preSolution
		HideSolutionNode = FALSE
	EndGlobalSection
EndGlobal
